# This file is automatically @generated by Cargo.
# It is not intended for manual editing.
version = 3

[[package]]
name = "gcd-bitwise"
version = "0.1.6"
source = "registry+https://github.com/rust-lang/crates.io-index"
checksum = "039a10551d8ab72982ef9e1e3728af7aebeb175a1d26aff6a88a7a4765dbfcd5"

[[package]]
name = "rotation"
version = "0.1.0"
dependencies = [
 "gcd-bitwise",
]
